
Microsoft Visual Studio Solution File, Format Version 12.00
# Visual Studio Version 16
VisualStudioVersion = 16.0.31515.178
MinimumVisualStudioVersion = 10.0.40219.1
Project("{FAE04EC0-301F-11D3-BF4B-00C04F79EFBC}") = "api1", "api1.csproj", "{6D7279BA-AE90-44BC-98DC-EEF047D5210C}"
EndProject
Global
	GlobalSection(SolutionConfigurationPlatforms) = preSolution
		Debug|Any CPU = Debug|Any CPU
		Release|Any CPU = Release|Any CPU
	EndGlobalSection
	GlobalSection(ProjectConfigurationPlatforms) = postSolution
		{6D7279BA-AE90-44BC-98DC-EEF047D5210C}.Debug|Any CPU.ActiveCfg = Debug|Any CPU
		{6D7279BA-AE90-44BC-98DC-EEF047D5210C}.Debug|Any CPU.Build.0 = Debug|Any CPU
		{6D7279BA-AE90-44BC-98DC-EEF047D5210C}.Release|Any CPU.ActiveCfg = Release|Any CPU
		{6D7279BA-AE90-44BC-98DC-EEF047D5210C}.Release|Any CPU.Build.0 = Release|Any CPU
	EndGlobalSection
	GlobalSection(SolutionProperties) = preSolution
		HideSolutionNode = FALSE
	EndGlobalSection
	GlobalSection(ExtensibilityGlobals) = postSolution
		SolutionGuid = {124A8DA8-D62C-4011-A5A5-A9ADF0F15F63}
	EndGlobalSection
EndGlobal
